
Microsoft Visual Studio Solution File, Format Version 12.00
Project("{FAE04EC0-301F-11D3-BF4B-00C04F79EFBC}") = "MinerMVC", "MinerMVC\MinerMVC.csproj", "{6BDCBFC8-3E65-4546-9CF7-1B50F74A1EDE}"
EndProject
Project("{FAE04EC0-301F-11D3-BF4B-00C04F79EFBC}") = "MinerMVC.UnitTest", "MinerMVC.UnitTest\MinerMVC.UnitTest.csproj", "{008B8993-5EB3-4178-B94C-A13C448BA3BE}"
EndProject
Global
	GlobalSection(SolutionConfigurationPlatforms) = preSolution
		Debug|Any CPU = Debug|Any CPU
		Release|Any CPU = Release|Any CPU
	EndGlobalSection
	GlobalSection(ProjectConfigurationPlatforms) = postSolution
		{6BDCBFC8-3E65-4546-9CF7-1B50F74A1EDE}.Debug|Any CPU.ActiveCfg = Debug|Any CPU
		{6BDCBFC8-3E65-4546-9CF7-1B50F74A1EDE}.Debug|Any CPU.Build.0 = Debug|Any CPU
		{6BDCBFC8-3E65-4546-9CF7-1B50F74A1EDE}.Release|Any CPU.ActiveCfg = Release|Any CPU
		{6BDCBFC8-3E65-4546-9CF7-1B50F74A1EDE}.Release|Any CPU.Build.0 = Release|Any CPU
		{008B8993-5EB3-4178-B94C-A13C448BA3BE}.Debug|Any CPU.ActiveCfg = Debug|Any CPU
		{008B8993-5EB3-4178-B94C-A13C448BA3BE}.Debug|Any CPU.Build.0 = Debug|Any CPU
		{008B8993-5EB3-4178-B94C-A13C448BA3BE}.Release|Any CPU.ActiveCfg = Release|Any CPU
		{008B8993-5EB3-4178-B94C-A13C448BA3BE}.Release|Any CPU.Build.0 = Release|Any CPU
	EndGlobalSection
EndGlobal
